
Microsoft Visual Studio Solution File, Format Version 12.00
# Visual Studio Version 16
VisualStudioVersion = 16.0.29505.145
MinimumVisualStudioVersion = 10.0.40219.1
Project("{9A19103F-16F7-4668-BE54-9A1E7A4F7556}") = "MUNityWebAPI_old", "src\MUNityCore\MUNityWebAPI_old.csproj", "{5FC8AD2A-CF67-4917-B486-9CE6F8350099}"
EndProject
Project("{2150E333-8FDC-42A3-9474-1A3956D46DE8}") = "Solution Items", "Solution Items", "{59ED0521-0107-4357-A511-042FA536934C}"
	ProjectSection(SolutionItems) = preProject
		.editorconfig = .editorconfig
	EndProjectSection
EndProject
Project("{2150E333-8FDC-42A3-9474-1A3956D46DE8}") = "Documentation", "Documentation", "{67012ED4-C8E9-443A-9415-20B5D990353C}"
	ProjectSection(SolutionItems) = preProject
		Documentation\GettingStarted.md = Documentation\GettingStarted.md
		Documentation\installation.md = Documentation\installation.md
	EndProjectSection
EndProject
Project("{2150E333-8FDC-42A3-9474-1A3956D46DE8}") = "API", "API", "{CE9F1419-1995-4900-8277-F494FB4334D7}"
EndProject
Project("{2150E333-8FDC-42A3-9474-1A3956D46DE8}") = "Conference", "Conference", "{E793C1D4-EDE1-4AC9-8508-BE411187A8FF}"
	ProjectSection(SolutionItems) = preProject
		Documentation\API\Conference\CreateConferences.md = Documentation\API\Conference\CreateConferences.md
	EndProjectSection
EndProject
Project("{9A19103F-16F7-4668-BE54-9A1E7A4F7556}") = "MUNitySchema", "src\MUNitySchema\MUNitySchema.csproj", "{EE46279E-C1B5-4DD8-8AAB-D1F29AD5A940}"
EndProject
Project("{2150E333-8FDC-42A3-9474-1A3956D46DE8}") = "General", "General", "{EAB9A408-DA32-4B79-A97E-BF2A1B8996AC}"
	ProjectSection(SolutionItems) = preProject
		Versioning.md = Versioning.md
	EndProjectSection
EndProject
Project("{9A19103F-16F7-4668-BE54-9A1E7A4F7556}") = "MUNityCoreTest", "tests\MUNityCoreTest\MUNityCoreTest.csproj", "{C0AA847C-E9B1-487A-88C8-8CED62F4F0FF}"
EndProject
Project("{9A19103F-16F7-4668-BE54-9A1E7A4F7556}") = "MunitySchemaTest", "tests\MUNitySchemaTests\MunitySchemaTest.csproj", "{81E97937-CFEA-4844-8E91-5970C4243706}"
EndProject
Project("{9A19103F-16F7-4668-BE54-9A1E7A4F7556}") = "MUNityDatabase", "src\MUNityDatabase\MUNityDatabase.csproj", "{413D18C0-5D3D-4279-856E-BB9E5BC42399}"
EndProject
Project("{9A19103F-16F7-4668-BE54-9A1E7A4F7556}") = "MUNityServices", "MUNityServices\MUNityServices.csproj", "{D0944819-E4A8-49B3-A4BD-259897E17E62}"
EndProject
Project("{9A19103F-16F7-4668-BE54-9A1E7A4F7556}") = "MUNityBlazorServer", "MUNityBlazorServer\MUNityBlazorServer.csproj", "{AD4BDAA6-8D23-4D2F-9949-68D2FB9795E1}"
EndProject
Project("{9A19103F-16F7-4668-BE54-9A1E7A4F7556}") = "MUNityBase", "MUNityBase\MUNityBase.csproj", "{A48485D6-5EB8-4532-B594-0778F8897F1C}"
EndProject
Project("{FAE04EC0-301F-11D3-BF4B-00C04F79EFBC}") = "MUNityBaseTest", "tests\MUNityBaseTest\MUNityBaseTest.csproj", "{E9B2EA74-609D-4C7A-8333-C489E72EC147}"
EndProject
Global
	GlobalSection(SolutionConfigurationPlatforms) = preSolution
		Debug|Any CPU = Debug|Any CPU
		Release|Any CPU = Release|Any CPU
	EndGlobalSection
	GlobalSection(ProjectConfigurationPlatforms) = postSolution
		{5FC8AD2A-CF67-4917-B486-9CE6F8350099}.Debug|Any CPU.ActiveCfg = Debug|Any CPU
		{5FC8AD2A-CF67-4917-B486-9CE6F8350099}.Debug|Any CPU.Build.0 = Debug|Any CPU
		{5FC8AD2A-CF67-4917-B486-9CE6F8350099}.Release|Any CPU.ActiveCfg = Release|Any CPU
		{5FC8AD2A-CF67-4917-B486-9CE6F8350099}.Release|Any CPU.Build.0 = Release|Any CPU
		{EE46279E-C1B5-4DD8-8AAB-D1F29AD5A940}.Debug|Any CPU.ActiveCfg = Debug|Any CPU
		{EE46279E-C1B5-4DD8-8AAB-D1F29AD5A940}.Debug|Any CPU.Build.0 = Debug|Any CPU
		{EE46279E-C1B5-4DD8-8AAB-D1F29AD5A940}.Release|Any CPU.ActiveCfg = Release|Any CPU
		{EE46279E-C1B5-4DD8-8AAB-D1F29AD5A940}.Release|Any CPU.Build.0 = Release|Any CPU
		{C0AA847C-E9B1-487A-88C8-8CED62F4F0FF}.Debug|Any CPU.ActiveCfg = Debug|Any CPU
		{C0AA847C-E9B1-487A-88C8-8CED62F4F0FF}.Debug|Any CPU.Build.0 = Debug|Any CPU
		{C0AA847C-E9B1-487A-88C8-8CED62F4F0FF}.Release|Any CPU.ActiveCfg = Release|Any CPU
		{C0AA847C-E9B1-487A-88C8-8CED62F4F0FF}.Release|Any CPU.Build.0 = Release|Any CPU
		{81E97937-CFEA-4844-8E91-5970C4243706}.Debug|Any CPU.ActiveCfg = Debug|Any CPU
		{81E97937-CFEA-4844-8E91-5970C4243706}.Debug|Any CPU.Build.0 = Debug|Any CPU
		{81E97937-CFEA-4844-8E91-5970C4243706}.Release|Any CPU.ActiveCfg = Release|Any CPU
		{81E97937-CFEA-4844-8E91-5970C4243706}.Release|Any CPU.Build.0 = Release|Any CPU
		{413D18C0-5D3D-4279-856E-BB9E5BC42399}.Debug|Any CPU.ActiveCfg = Debug|Any CPU
		{413D18C0-5D3D-4279-856E-BB9E5BC42399}.Debug|Any CPU.Build.0 = Debug|Any CPU
		{413D18C0-5D3D-4279-856E-BB9E5BC42399}.Release|Any CPU.ActiveCfg = Release|Any CPU
		{413D18C0-5D3D-4279-856E-BB9E5BC42399}.Release|Any CPU.Build.0 = Release|Any CPU
		{D0944819-E4A8-49B3-A4BD-259897E17E62}.Debug|Any CPU.ActiveCfg = Debug|Any CPU
		{D0944819-E4A8-49B3-A4BD-259897E17E62}.Debug|Any CPU.Build.0 = Debug|Any CPU
		{D0944819-E4A8-49B3-A4BD-259897E17E62}.Release|Any CPU.ActiveCfg = Release|Any CPU
		{D0944819-E4A8-49B3-A4BD-259897E17E62}.Release|Any CPU.Build.0 = Release|Any CPU
		{AD4BDAA6-8D23-4D2F-9949-68D2FB9795E1}.Debug|Any CPU.ActiveCfg = Debug|Any CPU
		{AD4BDAA6-8D23-4D2F-9949-68D2FB9795E1}.Debug|Any CPU.Build.0 = Debug|Any CPU
		{AD4BDAA6-8D23-4D2F-9949-68D2FB9795E1}.Release|Any CPU.ActiveCfg = Release|Any CPU
		{AD4BDAA6-8D23-4D2F-9949-68D2FB9795E1}.Release|Any CPU.Build.0 = Release|Any CPU
		{A48485D6-5EB8-4532-B594-0778F8897F1C}.Debug|Any CPU.ActiveCfg = Debug|Any CPU
		{A48485D6-5EB8-4532-B594-0778F8897F1C}.Debug|Any CPU.Build.0 = Debug|Any CPU
		{A48485D6-5EB8-4532-B594-0778F8897F1C}.Release|Any CPU.ActiveCfg = Release|Any CPU
		{A48485D6-5EB8-4532-B594-0778F8897F1C}.Release|Any CPU.Build.0 = Release|Any CPU
		{E9B2EA74-609D-4C7A-8333-C489E72EC147}.Debug|Any CPU.ActiveCfg = Debug|Any CPU
		{E9B2EA74-609D-4C7A-8333-C489E72EC147}.Debug|Any CPU.Build.0 = Debug|Any CPU
		{E9B2EA74-609D-4C7A-8333-C489E72EC147}.Release|Any CPU.ActiveCfg = Release|Any CPU
		{E9B2EA74-609D-4C7A-8333-C489E72EC147}.Release|Any CPU.Build.0 = Release|Any CPU
	EndGlobalSection
	GlobalSection(SolutionProperties) = preSolution
		HideSolutionNode = FALSE
	EndGlobalSection
	GlobalSection(NestedProjects) = preSolution
		{CE9F1419-1995-4900-8277-F494FB4334D7} = {67012ED4-C8E9-443A-9415-20B5D990353C}
		{E793C1D4-EDE1-4AC9-8508-BE411187A8FF} = {CE9F1419-1995-4900-8277-F494FB4334D7}
		{EAB9A408-DA32-4B79-A97E-BF2A1B8996AC} = {67012ED4-C8E9-443A-9415-20B5D990353C}
	EndGlobalSection
	GlobalSection(ExtensibilityGlobals) = postSolution
		SolutionGuid = {493C11FC-2B4C-4110-AF9A-D86B8BC05B47}
	EndGlobalSection
EndGlobal
