
Microsoft Visual Studio Solution File, Format Version 12.00
# Visual Studio Version 16
VisualStudioVersion = 16.0.29505.145
MinimumVisualStudioVersion = 10.0.40219.1
Project("{9A19103F-16F7-4668-BE54-9A1E7A4F7556}") = "MUNityCore", "MUNityCore\MUNityCore.csproj", "{5FC8AD2A-CF67-4917-B486-9CE6F8350099}"
EndProject
Project("{2150E333-8FDC-42A3-9474-1A3956D46DE8}") = "Solution Items", "Solution Items", "{59ED0521-0107-4357-A511-042FA536934C}"
	ProjectSection(SolutionItems) = preProject
		.editorconfig = .editorconfig
	EndProjectSection
EndProject
Project("{2150E333-8FDC-42A3-9474-1A3956D46DE8}") = "Documentation", "Documentation", "{67012ED4-C8E9-443A-9415-20B5D990353C}"
	ProjectSection(SolutionItems) = preProject
		Documentation\GettingStarted.md = Documentation\GettingStarted.md
		Documentation\installation.md = Documentation\installation.md
	EndProjectSection
EndProject
Project("{2150E333-8FDC-42A3-9474-1A3956D46DE8}") = "API", "API", "{CE9F1419-1995-4900-8277-F494FB4334D7}"
EndProject
Project("{2150E333-8FDC-42A3-9474-1A3956D46DE8}") = "Conference", "Conference", "{E793C1D4-EDE1-4AC9-8508-BE411187A8FF}"
	ProjectSection(SolutionItems) = preProject
		Documentation\API\Conference\CreateConferences.md = Documentation\API\Conference\CreateConferences.md
	EndProjectSection
EndProject
Project("{2150E333-8FDC-42A3-9474-1A3956D46DE8}") = "NewFolder1", "NewFolder1", "{1F5E6F9F-22EC-4EFA-B4BF-8F37CB519D6C}"
EndProject
Project("{9A19103F-16F7-4668-BE54-9A1E7A4F7556}") = "MUNitySchema", "MUNitySchema\MUNitySchema.csproj", "{EE46279E-C1B5-4DD8-8AAB-D1F29AD5A940}"
EndProject
Project("{9A19103F-16F7-4668-BE54-9A1E7A4F7556}") = "MUNityClient", "MUNityClient\MUNityClient.csproj", "{1A810EC8-9BED-4072-BFC6-8EF4E9768484}"
EndProject
Project("{9A19103F-16F7-4668-BE54-9A1E7A4F7556}") = "MUNityCoreTest", "MUNityTest\MUNityCoreTest.csproj", "{2C98EA14-1F98-48EA-B5A7-85A4615B8B06}"
EndProject
Project("{9A19103F-16F7-4668-BE54-9A1E7A4F7556}") = "MunitySchemaTest", "MunityNUnitTest\MunitySchemaTest.csproj", "{57535B27-2030-42E4-B7AA-6DDB38E69F53}"
EndProject
Project("{9A19103F-16F7-4668-BE54-9A1E7A4F7556}") = "MunityClientTest", "MunityClientTest\MunityClientTest.csproj", "{BE4B7FC1-3708-47C5-AECA-A40C7C38EA87}"
EndProject
Global
	GlobalSection(SolutionConfigurationPlatforms) = preSolution
		Debug|Any CPU = Debug|Any CPU
		Release|Any CPU = Release|Any CPU
	EndGlobalSection
	GlobalSection(ProjectConfigurationPlatforms) = postSolution
		{5FC8AD2A-CF67-4917-B486-9CE6F8350099}.Debug|Any CPU.ActiveCfg = Debug|Any CPU
		{5FC8AD2A-CF67-4917-B486-9CE6F8350099}.Debug|Any CPU.Build.0 = Debug|Any CPU
		{5FC8AD2A-CF67-4917-B486-9CE6F8350099}.Release|Any CPU.ActiveCfg = Release|Any CPU
		{5FC8AD2A-CF67-4917-B486-9CE6F8350099}.Release|Any CPU.Build.0 = Release|Any CPU
		{EE46279E-C1B5-4DD8-8AAB-D1F29AD5A940}.Debug|Any CPU.ActiveCfg = Debug|Any CPU
		{EE46279E-C1B5-4DD8-8AAB-D1F29AD5A940}.Debug|Any CPU.Build.0 = Debug|Any CPU
		{EE46279E-C1B5-4DD8-8AAB-D1F29AD5A940}.Release|Any CPU.ActiveCfg = Release|Any CPU
		{EE46279E-C1B5-4DD8-8AAB-D1F29AD5A940}.Release|Any CPU.Build.0 = Release|Any CPU
		{1A810EC8-9BED-4072-BFC6-8EF4E9768484}.Debug|Any CPU.ActiveCfg = Debug|Any CPU
		{1A810EC8-9BED-4072-BFC6-8EF4E9768484}.Debug|Any CPU.Build.0 = Debug|Any CPU
		{1A810EC8-9BED-4072-BFC6-8EF4E9768484}.Release|Any CPU.ActiveCfg = Release|Any CPU
		{1A810EC8-9BED-4072-BFC6-8EF4E9768484}.Release|Any CPU.Build.0 = Release|Any CPU
		{2C98EA14-1F98-48EA-B5A7-85A4615B8B06}.Debug|Any CPU.ActiveCfg = Debug|Any CPU
		{2C98EA14-1F98-48EA-B5A7-85A4615B8B06}.Debug|Any CPU.Build.0 = Debug|Any CPU
		{2C98EA14-1F98-48EA-B5A7-85A4615B8B06}.Release|Any CPU.ActiveCfg = Release|Any CPU
		{2C98EA14-1F98-48EA-B5A7-85A4615B8B06}.Release|Any CPU.Build.0 = Release|Any CPU
		{57535B27-2030-42E4-B7AA-6DDB38E69F53}.Debug|Any CPU.ActiveCfg = Debug|Any CPU
		{57535B27-2030-42E4-B7AA-6DDB38E69F53}.Debug|Any CPU.Build.0 = Debug|Any CPU
		{57535B27-2030-42E4-B7AA-6DDB38E69F53}.Release|Any CPU.ActiveCfg = Release|Any CPU
		{57535B27-2030-42E4-B7AA-6DDB38E69F53}.Release|Any CPU.Build.0 = Release|Any CPU
		{BE4B7FC1-3708-47C5-AECA-A40C7C38EA87}.Debug|Any CPU.ActiveCfg = Debug|Any CPU
		{BE4B7FC1-3708-47C5-AECA-A40C7C38EA87}.Debug|Any CPU.Build.0 = Debug|Any CPU
		{BE4B7FC1-3708-47C5-AECA-A40C7C38EA87}.Release|Any CPU.ActiveCfg = Release|Any CPU
		{BE4B7FC1-3708-47C5-AECA-A40C7C38EA87}.Release|Any CPU.Build.0 = Release|Any CPU
	EndGlobalSection
	GlobalSection(SolutionProperties) = preSolution
		HideSolutionNode = FALSE
	EndGlobalSection
	GlobalSection(NestedProjects) = preSolution
		{CE9F1419-1995-4900-8277-F494FB4334D7} = {67012ED4-C8E9-443A-9415-20B5D990353C}
		{E793C1D4-EDE1-4AC9-8508-BE411187A8FF} = {CE9F1419-1995-4900-8277-F494FB4334D7}
		{1F5E6F9F-22EC-4EFA-B4BF-8F37CB519D6C} = {67012ED4-C8E9-443A-9415-20B5D990353C}
	EndGlobalSection
	GlobalSection(ExtensibilityGlobals) = postSolution
		SolutionGuid = {493C11FC-2B4C-4110-AF9A-D86B8BC05B47}
	EndGlobalSection
EndGlobal
