
Microsoft Visual Studio Solution File, Format Version 12.00
# Visual Studio Version 16
VisualStudioVersion = 16.0.29505.145
MinimumVisualStudioVersion = 10.0.40219.1
Project("{9A19103F-16F7-4668-BE54-9A1E7A4F7556}") = "MUNityAngular", "MUNityAngular\MUNityAngular.csproj", "{5FC8AD2A-CF67-4917-B486-9CE6F8350099}"
EndProject
Project("{9A19103F-16F7-4668-BE54-9A1E7A4F7556}") = "MUNityTest", "MUNityTest\MUNityTest.csproj", "{05FA67D6-3712-41EE-B871-FF4E0BCD1FA7}"
EndProject
Global
	GlobalSection(SolutionConfigurationPlatforms) = preSolution
		Debug|Any CPU = Debug|Any CPU
		Release|Any CPU = Release|Any CPU
	EndGlobalSection
	GlobalSection(ProjectConfigurationPlatforms) = postSolution
		{5FC8AD2A-CF67-4917-B486-9CE6F8350099}.Debug|Any CPU.ActiveCfg = Debug|Any CPU
		{5FC8AD2A-CF67-4917-B486-9CE6F8350099}.Debug|Any CPU.Build.0 = Debug|Any CPU
		{5FC8AD2A-CF67-4917-B486-9CE6F8350099}.Release|Any CPU.ActiveCfg = Release|Any CPU
		{5FC8AD2A-CF67-4917-B486-9CE6F8350099}.Release|Any CPU.Build.0 = Release|Any CPU
		{05FA67D6-3712-41EE-B871-FF4E0BCD1FA7}.Debug|Any CPU.ActiveCfg = Debug|Any CPU
		{05FA67D6-3712-41EE-B871-FF4E0BCD1FA7}.Debug|Any CPU.Build.0 = Debug|Any CPU
		{05FA67D6-3712-41EE-B871-FF4E0BCD1FA7}.Release|Any CPU.ActiveCfg = Release|Any CPU
		{05FA67D6-3712-41EE-B871-FF4E0BCD1FA7}.Release|Any CPU.Build.0 = Release|Any CPU
	EndGlobalSection
	GlobalSection(SolutionProperties) = preSolution
		HideSolutionNode = FALSE
	EndGlobalSection
	GlobalSection(ExtensibilityGlobals) = postSolution
		SolutionGuid = {493C11FC-2B4C-4110-AF9A-D86B8BC05B47}
	EndGlobalSection
EndGlobal
